
Microsoft Visual Studio Solution File, Format Version 12.00
# Visual Studio Version 17
VisualStudioVersion = 17.10.34916.146
MinimumVisualStudioVersion = 10.0.40219.1
Project("{8BC9CEB8-8B4A-11D0-8D11-00A0C91BC942}") = "SimulationLogic", "SimulationLogic\SimulationLogic.vcxproj", "{25F1B9D5-59EC-4901-8A2D-5A38149EF1FF}"
EndProject
Project("{8BC9CEB8-8B4A-11D0-8D11-00A0C91BC942}") = "SimulationMain", "SimulationMain\SimulationMain.vcxproj", "{6BB2CFB5-9F96-4977-98A1-01EB73C8A9F6}"
	ProjectSection(ProjectDependencies) = postProject
		{25F1B9D5-59EC-4901-8A2D-5A38149EF1FF} = {25F1B9D5-59EC-4901-8A2D-5A38149EF1FF}
	EndProjectSection
EndProject
Project("{2150E333-8FDC-42A3-9474-1A3956D46DE8}") = "Shaders", "Shaders", "{965F3FCC-6262-42D7-BFFF-5699374F111C}"
	ProjectSection(SolutionItems) = preProject
		Shaders\BasicShader.frag = Shaders\BasicShader.frag
		Shaders\BasicShader.vert = Shaders\BasicShader.vert
	EndProjectSection
EndProject
Global
	GlobalSection(SolutionConfigurationPlatforms) = preSolution
		Debug|x64 = Debug|x64
		Debug|x86 = Debug|x86
		Release|x64 = Release|x64
		Release|x86 = Release|x86
	EndGlobalSection
	GlobalSection(ProjectConfigurationPlatforms) = postSolution
		{25F1B9D5-59EC-4901-8A2D-5A38149EF1FF}.Debug|x64.ActiveCfg = Debug|x64
		{25F1B9D5-59EC-4901-8A2D-5A38149EF1FF}.Debug|x64.Build.0 = Debug|x64
		{25F1B9D5-59EC-4901-8A2D-5A38149EF1FF}.Debug|x86.ActiveCfg = Debug|Win32
		{25F1B9D5-59EC-4901-8A2D-5A38149EF1FF}.Debug|x86.Build.0 = Debug|Win32
		{25F1B9D5-59EC-4901-8A2D-5A38149EF1FF}.Release|x64.ActiveCfg = Release|x64
		{25F1B9D5-59EC-4901-8A2D-5A38149EF1FF}.Release|x64.Build.0 = Release|x64
		{25F1B9D5-59EC-4901-8A2D-5A38149EF1FF}.Release|x86.ActiveCfg = Release|Win32
		{25F1B9D5-59EC-4901-8A2D-5A38149EF1FF}.Release|x86.Build.0 = Release|Win32
		{6BB2CFB5-9F96-4977-98A1-01EB73C8A9F6}.Debug|x64.ActiveCfg = Debug|x64
		{6BB2CFB5-9F96-4977-98A1-01EB73C8A9F6}.Debug|x64.Build.0 = Debug|x64
		{6BB2CFB5-9F96-4977-98A1-01EB73C8A9F6}.Debug|x86.ActiveCfg = Debug|Win32
		{6BB2CFB5-9F96-4977-98A1-01EB73C8A9F6}.Debug|x86.Build.0 = Debug|Win32
		{6BB2CFB5-9F96-4977-98A1-01EB73C8A9F6}.Release|x64.ActiveCfg = Release|x64
		{6BB2CFB5-9F96-4977-98A1-01EB73C8A9F6}.Release|x64.Build.0 = Release|x64
		{6BB2CFB5-9F96-4977-98A1-01EB73C8A9F6}.Release|x86.ActiveCfg = Release|Win32
		{6BB2CFB5-9F96-4977-98A1-01EB73C8A9F6}.Release|x86.Build.0 = Release|Win32
	EndGlobalSection
	GlobalSection(SolutionProperties) = preSolution
		HideSolutionNode = FALSE
	EndGlobalSection
	GlobalSection(ExtensibilityGlobals) = postSolution
		SolutionGuid = {29BDACB4-D0CB-4D7F-ACC3-0C266BD24DCF}
	EndGlobalSection
EndGlobal
